
Microsoft Visual Studio Solution File, Format Version 12.00
# Visual Studio Version 17
VisualStudioVersion = 17.13.35931.197 d17.13
MinimumVisualStudioVersion = 10.0.40219.1
Project("{FAE04EC0-301F-11D3-BF4B-00C04F79EFBC}") = "joguinho pf", "joguinho pf.csproj", "{BABCB6AE-AFCB-4CA0-9404-8F700F188078}"
EndProject
Global
	GlobalSection(SolutionConfigurationPlatforms) = preSolution
		Debug|Any CPU = Debug|Any CPU
		Release|Any CPU = Release|Any CPU
	EndGlobalSection
	GlobalSection(ProjectConfigurationPlatforms) = postSolution
		{BABCB6AE-AFCB-4CA0-9404-8F700F188078}.Debug|Any CPU.ActiveCfg = Debug|Any CPU
		{BABCB6AE-AFCB-4CA0-9404-8F700F188078}.Debug|Any CPU.Build.0 = Debug|Any CPU
		{BABCB6AE-AFCB-4CA0-9404-8F700F188078}.Release|Any CPU.ActiveCfg = Release|Any CPU
		{BABCB6AE-AFCB-4CA0-9404-8F700F188078}.Release|Any CPU.Build.0 = Release|Any CPU
	EndGlobalSection
	GlobalSection(SolutionProperties) = preSolution
		HideSolutionNode = FALSE
	EndGlobalSection
	GlobalSection(ExtensibilityGlobals) = postSolution
		SolutionGuid = {A6A6DB43-8C43-4D3B-9338-24D4589D5E33}
	EndGlobalSection
EndGlobal
